
Microsoft Visual Studio Solution File, Format Version 12.00
# Visual Studio Version 16
VisualStudioVersion = 16.0.30907.101
MinimumVisualStudioVersion = 10.0.40219.1
Project("{FAE04EC0-301F-11D3-BF4B-00C04F79EFBC}") = "FoodSilver.Web", "FoodSilver.Web\FoodSilver.Web.csproj", "{F089001E-5FDD-4AE8-98AA-A4878E40420E}"
EndProject
Project("{FAE04EC0-301F-11D3-BF4B-00C04F79EFBC}") = "FoodSilver.Data", "FoodSilver.Data\FoodSilver.Data.csproj", "{476A93E0-5C47-42C6-9FF4-B9D67C495C9B}"
EndProject
Project("{2150E333-8FDC-42A3-9474-1A3956D46DE8}") = "Solution Items", "Solution Items", "{69040EE3-E8D5-4EF8-8AFD-D9D0C750CC03}"
	ProjectSection(SolutionItems) = preProject
		Summary.md = Summary.md
	EndProjectSection
EndProject
Global
	GlobalSection(SolutionConfigurationPlatforms) = preSolution
		Debug|Any CPU = Debug|Any CPU
		Release|Any CPU = Release|Any CPU
	EndGlobalSection
	GlobalSection(ProjectConfigurationPlatforms) = postSolution
		{F089001E-5FDD-4AE8-98AA-A4878E40420E}.Debug|Any CPU.ActiveCfg = Debug|Any CPU
		{F089001E-5FDD-4AE8-98AA-A4878E40420E}.Debug|Any CPU.Build.0 = Debug|Any CPU
		{F089001E-5FDD-4AE8-98AA-A4878E40420E}.Release|Any CPU.ActiveCfg = Release|Any CPU
		{F089001E-5FDD-4AE8-98AA-A4878E40420E}.Release|Any CPU.Build.0 = Release|Any CPU
		{476A93E0-5C47-42C6-9FF4-B9D67C495C9B}.Debug|Any CPU.ActiveCfg = Debug|Any CPU
		{476A93E0-5C47-42C6-9FF4-B9D67C495C9B}.Debug|Any CPU.Build.0 = Debug|Any CPU
		{476A93E0-5C47-42C6-9FF4-B9D67C495C9B}.Release|Any CPU.ActiveCfg = Release|Any CPU
		{476A93E0-5C47-42C6-9FF4-B9D67C495C9B}.Release|Any CPU.Build.0 = Release|Any CPU
	EndGlobalSection
	GlobalSection(SolutionProperties) = preSolution
		HideSolutionNode = FALSE
	EndGlobalSection
	GlobalSection(ExtensibilityGlobals) = postSolution
		SolutionGuid = {E9BD79BF-911F-44BB-A348-C71D819C7823}
	EndGlobalSection
EndGlobal
